
Microsoft Visual Studio Solution File, Format Version 12.00
# Visual Studio Version 17
VisualStudioVersion = 17.6.33723.286
MinimumVisualStudioVersion = 10.0.40219.1
Project("{FAE04EC0-301F-11D3-BF4B-00C04F79EFBC}") = "SportShop", "SportShop.csproj", "{D4CFCB12-AC8C-45E2-B449-9CC1EE36939E}"
EndProject
Global
	GlobalSection(SolutionConfigurationPlatforms) = preSolution
		Debug|Any CPU = Debug|Any CPU
		Release|Any CPU = Release|Any CPU
	EndGlobalSection
	GlobalSection(ProjectConfigurationPlatforms) = postSolution
		{D4CFCB12-AC8C-45E2-B449-9CC1EE36939E}.Debug|Any CPU.ActiveCfg = Debug|Any CPU
		{D4CFCB12-AC8C-45E2-B449-9CC1EE36939E}.Debug|Any CPU.Build.0 = Debug|Any CPU
		{D4CFCB12-AC8C-45E2-B449-9CC1EE36939E}.Release|Any CPU.ActiveCfg = Release|Any CPU
		{D4CFCB12-AC8C-45E2-B449-9CC1EE36939E}.Release|Any CPU.Build.0 = Release|Any CPU
	EndGlobalSection
	GlobalSection(SolutionProperties) = preSolution
		HideSolutionNode = FALSE
	EndGlobalSection
	GlobalSection(ExtensibilityGlobals) = postSolution
		SolutionGuid = {7250B840-7F13-4D40-960E-8B9D96D9E91A}
	EndGlobalSection
EndGlobal
